
Microsoft Visual Studio Solution File, Format Version 12.00
# Visual Studio 15
VisualStudioVersion = 15.0.27004.2009
MinimumVisualStudioVersion = 10.0.40219.1
Project("{FAE04EC0-301F-11D3-BF4B-00C04F79EFBC}") = "Paint101.Desktop", "Paint101.Desktop\Paint101.Desktop.csproj", "{335A53D2-2564-4614-BB84-A2C61C505733}"
	ProjectSection(ProjectDependencies) = postProject
		{E2294E07-0109-46E3-9705-831C2DAF74E3} = {E2294E07-0109-46E3-9705-831C2DAF74E3}
		{3FE9E912-2FC7-4F5C-9A45-73F22459A2ED} = {3FE9E912-2FC7-4F5C-9A45-73F22459A2ED}
		{CEFB242F-15FE-4661-944A-F1CC2CA30B6A} = {CEFB242F-15FE-4661-944A-F1CC2CA30B6A}
		{29546282-7083-4E6C-82F6-B99078E5A955} = {29546282-7083-4E6C-82F6-B99078E5A955}
		{803964B8-18EA-4EFD-AA92-7298A9E39907} = {803964B8-18EA-4EFD-AA92-7298A9E39907}
		{3CF1A5CB-BF5E-4629-8970-BF74E3410AE7} = {3CF1A5CB-BF5E-4629-8970-BF74E3410AE7}
	EndProjectSection
EndProject
Project("{9A19103F-16F7-4668-BE54-9A1E7A4F7556}") = "Paint101.Core", "Paint101.Core\Paint101.Core.csproj", "{D8A85A83-655E-46E6-A866-23DB51E74065}"
EndProject
Project("{9A19103F-16F7-4668-BE54-9A1E7A4F7556}") = "Paint101.Api", "Paint101.Api\Paint101.Api.csproj", "{94216942-E8DA-4EED-AE79-303203974DDD}"
EndProject
Project("{FAE04EC0-301F-11D3-BF4B-00C04F79EFBC}") = "Paint101.Line", "StandardFigures\Paint101.Line\Paint101.Line.csproj", "{803964B8-18EA-4EFD-AA92-7298A9E39907}"
EndProject
Project("{2150E333-8FDC-42A3-9474-1A3956D46DE8}") = "StandardFigures", "StandardFigures", "{0091DF72-BFFF-4B64-A112-8C4F61270B79}"
EndProject
Project("{FAE04EC0-301F-11D3-BF4B-00C04F79EFBC}") = "Paint101.FrameTriangle", "StandardFigures\Paint101.FrameTriangle\Paint101.FrameTriangle.csproj", "{CEFB242F-15FE-4661-944A-F1CC2CA30B6A}"
EndProject
Project("{FAE04EC0-301F-11D3-BF4B-00C04F79EFBC}") = "Paint101.FrameRectangle", "StandardFigures\Paint101.FrameRectangle\Paint101.FrameRectangle.csproj", "{E2294E07-0109-46E3-9705-831C2DAF74E3}"
EndProject
Project("{FAE04EC0-301F-11D3-BF4B-00C04F79EFBC}") = "Paint101.FrameEllipse", "StandardFigures\Paint101.FrameEllipse\Paint101.FrameEllipse.csproj", "{3CF1A5CB-BF5E-4629-8970-BF74E3410AE7}"
EndProject
Project("{FAE04EC0-301F-11D3-BF4B-00C04F79EFBC}") = "Paint101.Ellipse", "StandardFigures\Paint101.Ellipse\Paint101.Ellipse.csproj", "{29546282-7083-4E6C-82F6-B99078E5A955}"
EndProject
Project("{FAE04EC0-301F-11D3-BF4B-00C04F79EFBC}") = "Paint101.Rectangle", "StandardFigures\Paint101.Rectangle\Paint101.Rectangle.csproj", "{3FE9E912-2FC7-4F5C-9A45-73F22459A2ED}"
EndProject
Global
	GlobalSection(SolutionConfigurationPlatforms) = preSolution
		Debug|Any CPU = Debug|Any CPU
		Release|Any CPU = Release|Any CPU
	EndGlobalSection
	GlobalSection(ProjectConfigurationPlatforms) = postSolution
		{335A53D2-2564-4614-BB84-A2C61C505733}.Debug|Any CPU.ActiveCfg = Debug|Any CPU
		{335A53D2-2564-4614-BB84-A2C61C505733}.Debug|Any CPU.Build.0 = Debug|Any CPU
		{335A53D2-2564-4614-BB84-A2C61C505733}.Release|Any CPU.ActiveCfg = Release|Any CPU
		{335A53D2-2564-4614-BB84-A2C61C505733}.Release|Any CPU.Build.0 = Release|Any CPU
		{D8A85A83-655E-46E6-A866-23DB51E74065}.Debug|Any CPU.ActiveCfg = Debug|Any CPU
		{D8A85A83-655E-46E6-A866-23DB51E74065}.Debug|Any CPU.Build.0 = Debug|Any CPU
		{D8A85A83-655E-46E6-A866-23DB51E74065}.Release|Any CPU.ActiveCfg = Release|Any CPU
		{D8A85A83-655E-46E6-A866-23DB51E74065}.Release|Any CPU.Build.0 = Release|Any CPU
		{94216942-E8DA-4EED-AE79-303203974DDD}.Debug|Any CPU.ActiveCfg = Debug|Any CPU
		{94216942-E8DA-4EED-AE79-303203974DDD}.Debug|Any CPU.Build.0 = Debug|Any CPU
		{94216942-E8DA-4EED-AE79-303203974DDD}.Release|Any CPU.ActiveCfg = Release|Any CPU
		{94216942-E8DA-4EED-AE79-303203974DDD}.Release|Any CPU.Build.0 = Release|Any CPU
		{803964B8-18EA-4EFD-AA92-7298A9E39907}.Debug|Any CPU.ActiveCfg = Debug|Any CPU
		{803964B8-18EA-4EFD-AA92-7298A9E39907}.Debug|Any CPU.Build.0 = Debug|Any CPU
		{803964B8-18EA-4EFD-AA92-7298A9E39907}.Release|Any CPU.ActiveCfg = Release|Any CPU
		{803964B8-18EA-4EFD-AA92-7298A9E39907}.Release|Any CPU.Build.0 = Release|Any CPU
		{CEFB242F-15FE-4661-944A-F1CC2CA30B6A}.Debug|Any CPU.ActiveCfg = Debug|Any CPU
		{CEFB242F-15FE-4661-944A-F1CC2CA30B6A}.Debug|Any CPU.Build.0 = Debug|Any CPU
		{CEFB242F-15FE-4661-944A-F1CC2CA30B6A}.Release|Any CPU.ActiveCfg = Release|Any CPU
		{CEFB242F-15FE-4661-944A-F1CC2CA30B6A}.Release|Any CPU.Build.0 = Release|Any CPU
		{E2294E07-0109-46E3-9705-831C2DAF74E3}.Debug|Any CPU.ActiveCfg = Debug|Any CPU
		{E2294E07-0109-46E3-9705-831C2DAF74E3}.Debug|Any CPU.Build.0 = Debug|Any CPU
		{E2294E07-0109-46E3-9705-831C2DAF74E3}.Release|Any CPU.ActiveCfg = Release|Any CPU
		{E2294E07-0109-46E3-9705-831C2DAF74E3}.Release|Any CPU.Build.0 = Release|Any CPU
		{3CF1A5CB-BF5E-4629-8970-BF74E3410AE7}.Debug|Any CPU.ActiveCfg = Debug|Any CPU
		{3CF1A5CB-BF5E-4629-8970-BF74E3410AE7}.Debug|Any CPU.Build.0 = Debug|Any CPU
		{3CF1A5CB-BF5E-4629-8970-BF74E3410AE7}.Release|Any CPU.ActiveCfg = Release|Any CPU
		{3CF1A5CB-BF5E-4629-8970-BF74E3410AE7}.Release|Any CPU.Build.0 = Release|Any CPU
		{29546282-7083-4E6C-82F6-B99078E5A955}.Debug|Any CPU.ActiveCfg = Debug|Any CPU
		{29546282-7083-4E6C-82F6-B99078E5A955}.Debug|Any CPU.Build.0 = Debug|Any CPU
		{29546282-7083-4E6C-82F6-B99078E5A955}.Release|Any CPU.ActiveCfg = Release|Any CPU
		{29546282-7083-4E6C-82F6-B99078E5A955}.Release|Any CPU.Build.0 = Release|Any CPU
		{3FE9E912-2FC7-4F5C-9A45-73F22459A2ED}.Debug|Any CPU.ActiveCfg = Debug|Any CPU
		{3FE9E912-2FC7-4F5C-9A45-73F22459A2ED}.Debug|Any CPU.Build.0 = Debug|Any CPU
		{3FE9E912-2FC7-4F5C-9A45-73F22459A2ED}.Release|Any CPU.ActiveCfg = Release|Any CPU
		{3FE9E912-2FC7-4F5C-9A45-73F22459A2ED}.Release|Any CPU.Build.0 = Release|Any CPU
	EndGlobalSection
	GlobalSection(SolutionProperties) = preSolution
		HideSolutionNode = FALSE
	EndGlobalSection
	GlobalSection(NestedProjects) = preSolution
		{803964B8-18EA-4EFD-AA92-7298A9E39907} = {0091DF72-BFFF-4B64-A112-8C4F61270B79}
		{CEFB242F-15FE-4661-944A-F1CC2CA30B6A} = {0091DF72-BFFF-4B64-A112-8C4F61270B79}
		{E2294E07-0109-46E3-9705-831C2DAF74E3} = {0091DF72-BFFF-4B64-A112-8C4F61270B79}
		{3CF1A5CB-BF5E-4629-8970-BF74E3410AE7} = {0091DF72-BFFF-4B64-A112-8C4F61270B79}
		{29546282-7083-4E6C-82F6-B99078E5A955} = {0091DF72-BFFF-4B64-A112-8C4F61270B79}
		{3FE9E912-2FC7-4F5C-9A45-73F22459A2ED} = {0091DF72-BFFF-4B64-A112-8C4F61270B79}
	EndGlobalSection
	GlobalSection(ExtensibilityGlobals) = postSolution
		SolutionGuid = {AEEE6A16-13D8-4837-BAA5-FBEBC78B6152}
	EndGlobalSection
EndGlobal
