
Microsoft Visual Studio Solution File, Format Version 12.00
# Visual Studio 15
VisualStudioVersion = 15.0.27004.2009
MinimumVisualStudioVersion = 10.0.40219.1
Project("{FAE04EC0-301F-11D3-BF4B-00C04F79EFBC}") = "Paint101.Desktop", "Paint101.Desktop\Paint101.Desktop.csproj", "{335A53D2-2564-4614-BB84-A2C61C505733}"
EndProject
Project("{FAE04EC0-301F-11D3-BF4B-00C04F79EFBC}") = "Paint101.Core", "Paint101.Core\Paint101.Core.csproj", "{D8A85A83-655E-46E6-A866-23DB51E74065}"
EndProject
Project("{FAE04EC0-301F-11D3-BF4B-00C04F79EFBC}") = "Paint101.Api", "Paint101.Api\Paint101.Api.csproj", "{94216942-E8DA-4EED-AE79-303203974DDD}"
EndProject
Global
	GlobalSection(SolutionConfigurationPlatforms) = preSolution
		Debug|Any CPU = Debug|Any CPU
		Release|Any CPU = Release|Any CPU
	EndGlobalSection
	GlobalSection(ProjectConfigurationPlatforms) = postSolution
		{335A53D2-2564-4614-BB84-A2C61C505733}.Debug|Any CPU.ActiveCfg = Debug|Any CPU
		{335A53D2-2564-4614-BB84-A2C61C505733}.Debug|Any CPU.Build.0 = Debug|Any CPU
		{335A53D2-2564-4614-BB84-A2C61C505733}.Release|Any CPU.ActiveCfg = Release|Any CPU
		{335A53D2-2564-4614-BB84-A2C61C505733}.Release|Any CPU.Build.0 = Release|Any CPU
		{D8A85A83-655E-46E6-A866-23DB51E74065}.Debug|Any CPU.ActiveCfg = Debug|Any CPU
		{D8A85A83-655E-46E6-A866-23DB51E74065}.Debug|Any CPU.Build.0 = Debug|Any CPU
		{D8A85A83-655E-46E6-A866-23DB51E74065}.Release|Any CPU.ActiveCfg = Release|Any CPU
		{D8A85A83-655E-46E6-A866-23DB51E74065}.Release|Any CPU.Build.0 = Release|Any CPU
		{94216942-E8DA-4EED-AE79-303203974DDD}.Debug|Any CPU.ActiveCfg = Debug|Any CPU
		{94216942-E8DA-4EED-AE79-303203974DDD}.Debug|Any CPU.Build.0 = Debug|Any CPU
		{94216942-E8DA-4EED-AE79-303203974DDD}.Release|Any CPU.ActiveCfg = Release|Any CPU
		{94216942-E8DA-4EED-AE79-303203974DDD}.Release|Any CPU.Build.0 = Release|Any CPU
	EndGlobalSection
	GlobalSection(SolutionProperties) = preSolution
		HideSolutionNode = FALSE
	EndGlobalSection
	GlobalSection(ExtensibilityGlobals) = postSolution
		SolutionGuid = {AEEE6A16-13D8-4837-BAA5-FBEBC78B6152}
	EndGlobalSection
EndGlobal
